
Microsoft Visual Studio Solution File, Format Version 12.00
# Visual Studio 15
VisualStudioVersion = 15.0.28307.271
MinimumVisualStudioVersion = 10.0.40219.1
Project("{888888A0-9F3D-457C-B088-3A5042F75D52}") = "WhatIsMeans", "WhatIsMeans\WhatIsMeans.pyproj", "{B29BE5EE-E71C-4334-9682-DFE542DA3666}"
EndProject
Global
	GlobalSection(SolutionConfigurationPlatforms) = preSolution
		Debug|Any CPU = Debug|Any CPU
		Release|Any CPU = Release|Any CPU
	EndGlobalSection
	GlobalSection(ProjectConfigurationPlatforms) = postSolution
		{B29BE5EE-E71C-4334-9682-DFE542DA3666}.Debug|Any CPU.ActiveCfg = Debug|Any CPU
		{B29BE5EE-E71C-4334-9682-DFE542DA3666}.Release|Any CPU.ActiveCfg = Release|Any CPU
	EndGlobalSection
	GlobalSection(SolutionProperties) = preSolution
		HideSolutionNode = FALSE
	EndGlobalSection
	GlobalSection(ExtensibilityGlobals) = postSolution
		SolutionGuid = {E4832B21-AE98-4709-95B3-9B94832782D0}
	EndGlobalSection
EndGlobal
